// !$*UTF8*$!
{
	archiveVersion = 1;
	classes = {
	};
	objectVersion = 46;
	objects = {

/* Begin PBXBuildFile section */
		BDEC02061BC4B553002731DE /* AppDelegate.swift in Sources */ = {isa = PBXBuildFile; fileRef = BDEC02051BC4B553002731DE /* AppDelegate.swift */; };
		BDEC02081BC4B553002731DE /* ViewController.swift in Sources */ = {isa = PBXBuildFile; fileRef = BDEC02071BC4B553002731DE /* ViewController.swift */; };
		BDEC020B1BC4B553002731DE /* Main.storyboard in Resources */ = {isa = PBXBuildFile; fileRef = BDEC02091BC4B553002731DE /* Main.storyboard */; };
		BDEC020D1BC4B553002731DE /* Assets.xcassets in Resources */ = {isa = PBXBuildFile; fileRef = BDEC020C1BC4B553002731DE /* Assets.xcassets */; };
		BDEC02101BC4B553002731DE /* LaunchScreen.storyboard in Resources */ = {isa = PBXBuildFile; fileRef = BDEC020E1BC4B553002731DE /* LaunchScreen.storyboard */; };
/* End PBXBuildFile section */

/* Begin PBXFileReference section */
		BDEC02021BC4B553002731DE /* MemoDemo.app */ = {isa = PBXFileReference; explicitFileType = wrapper.application; includeInIndex = 0; path = MemoDemo.app; sourceTree = BUILT_PRODUCTS_DIR; };
		BDEC02051BC4B553002731DE /* AppDelegate.swift */ = {isa = PBXFileReference; lastKnownFileType = sourcecode.swift; path = AppDelegate.swift; sourceTree = "<group>"; };
		BDEC02071BC4B553002731DE /* ViewController.swift */ = {isa = PBXFileReference; lastKnownFileType = sourcecode.swift; path = ViewController.swift; sourceTree = "<group>"; };
		BDEC020A1BC4B553002731DE /* Base */ = {isa = PBXFileReference; lastKnownFileType = file.storyboard; name = Base; path = Base.lproj/Main.storyboard; sourceTree = "<group>"; };
		BDEC020C1BC4B553002731DE /* Assets.xcassets */ = {isa = PBXFileReference; lastKnownFileType = folder.assetcatalog; path = Assets.xcassets; sourceTree = "<group>"; };
		BDEC020F1BC4B553002731DE /* Base */ = {isa = PBXFileReference; lastKnownFileType = file.storyboard; name = Base; path = Base.lproj/LaunchScreen.storyboard; sourceTree = "<group>"; };
		BDEC02111BC4B553002731DE /* Info.plist */ = {isa = PBXFileReference; lastKnownFileType = text.plist.xml; path = Info.plist; sourceTree = "<group>"; };
/* End PBXFileReference section */

/* Begin PBXFrameworksBuildPhase section */
		BDEC01FF1BC4B553002731DE /* Frameworks */ = {
			isa = PBXFrameworksBuildPhase;
			buildActionMask = 2147483647;
			files = (
			);
			runOnlyForDeploymentPostprocessing = 0;
		};
/* End PBXFrameworksBuildPhase section */

/* Begin PBXGroup section */
		BDEC01F91BC4B553002731DE = {
			isa = PBXGroup;
			children = (
				BDEC02041BC4B553002731DE /* MemoDemo */,
				BDEC02031BC4B553002731DE /* Products */,
			);
			sourceTree = "<group>";
		};
		BDEC02031BC4B553002731DE /* Products */ = {
			isa = PBXGroup;
			children = (
				BDEC02021BC4B553002731DE /* MemoDemo.app */,
			);
			name = Products;
			sourceTree = "<group>";
		};
		BDEC02041BC4B553002731DE /* MemoDemo */ = {
			isa = PBXGroup;
			children = (
				BDEC02051BC4B553002731DE /* AppDelegate.swift */,
				BDEC02071BC4B553002731DE /* ViewController.swift */,
				BDEC02091BC4B553002731DE /* Main.storyboard */,
				BDEC020C1BC4B553002731DE /* Assets.xcassets */,
				BDEC020E1BC4B553002731DE /* LaunchScreen.storyboard */,
				BDEC02111BC4B553002731DE /* Info.plist */,
			);
			path = MemoDemo;
			sourceTree = "<group>";
		};
/* End PBXGroup section */

/* Begin PBXNativeTarget section */
		BDEC02011BC4B553002731DE /* MemoDemo */ = {
			isa = PBXNativeTarget;
			buildConfigurationList = BDEC02141BC4B553002731DE /* Build configuration list for PBXNativeTarget "MemoDemo" */;
			buildPhases = (
				BDEC01FE1BC4B553002731DE /* Sources */,
				BDEC01FF1BC4B553002731DE /* Frameworks */,
				BDEC02001BC4B553002731DE /* Resources */,
			);
			buildRules = (
			);
			dependencies = (
			);
			name = MemoDemo;
			productName = MemoDemo;
			productReference = BDEC02021BC4B553002731DE /* MemoDemo.app */;
			productType = "com.apple.product-type.application";
		};
/* End PBXNativeTarget section */

/* Begin PBXProject section */
		BDEC01FA1BC4B553002731DE /* Project object */ = {
			isa = PBXProject;
			attributes = {
				LastUpgradeCheck = 0700;
				ORGANIZATIONNAME = CEASON;
				TargetAttributes = {
					BDEC02011BC4B553002731DE = {
						CreatedOnToolsVersion = 7.0.1;
					};
				};
			};
			buildConfigurationList = BDEC01FD1BC4B553002731DE /* Build configuration list for PBXProject "MemoDemo" */;
			compatibilityVersion = "Xcode 3.2";
			developmentRegion = English;
			hasScannedForEncodings = 0;
			knownRegions = (
				en,
				Base,
			);
			mainGroup = BDEC01F91BC4B553002731DE;
			productRefGroup = BDEC02031BC4B553002731DE /* Products */;
			projectDirPath = "";
			projectRoot = "";
			targets = (
				BDEC02011BC4B553002731DE /* MemoDemo */,
			);
		};
/* End PBXProject section */

/* Begin PBXResourcesBuildPhase section */
		BDEC02001BC4B553002731DE /* Resources */ = {
			isa = PBXResourcesBuildPhase;
			buildActionMask = 2147483647;
			files = (
				BDEC02101BC4B553002731DE /* LaunchScreen.storyboard in Resources */,
				BDEC020D1BC4B553002731DE /* Assets.xcassets in Resources */,
				BDEC020B1BC4B553002731DE /* Main.storyboard in Resources */,
			);
			runOnlyForDeploymentPostprocessing = 0;
		};
/* End PBXResourcesBuildPhase section */

/* Begin PBXSourcesBuildPhase section */
		BDEC01FE1BC4B553002731DE /* Sources */ = {
			isa = PBXSourcesBuildPhase;
			buildActionMask = 2147483647;
			files = (
				BDEC02081BC4B553002731DE /* ViewController.swift in Sources */,
				BDEC02061BC4B553002731DE /* AppDelegate.swift in Sources */,
			);
			runOnlyForDeploymentPostprocessing = 0;
		};
/* End PBXSourcesBuildPhase section */

/* Begin PBXVariantGroup section */
		BDEC02091BC4B553002731DE /* Main.storyboard */ = {
			isa = PBXVariantGroup;
			children = (
				BDEC020A1BC4B553002731DE /* Base */,
			);
			name = Main.storyboard;
			sourceTree = "<group>";
		};
		BDEC020E1BC4B553002731DE /* LaunchScreen.storyboard */ = {
			isa = PBXVariantGroup;
			children = (
				BDEC020F1BC4B553002731DE /* Base */,
			);
			name = LaunchScreen.storyboard;
			sourceTree = "<group>";
		};
/* End PBXVariantGroup section */

/* Begin XCBuildConfiguration section */
		BDEC02121BC4B553002731DE /* Debug */ = {
			isa = XCBuildConfiguration;
			buildSettings = {
				ALWAYS_SEARCH_USER_PATHS = NO;
				CLANG_CXX_LANGUAGE_STANDARD = "gnu++0x";
				CLANG_CXX_LIBRARY = "libc++";
				CLANG_ENABLE_MODULES = YES;
				CLANG_ENABLE_OBJC_ARC = YES;
				CLANG_WARN_BOOL_CONVERSION = YES;
				CLANG_WARN_CONSTANT_CONVERSION = YES;
				CLANG_WARN_DIRECT_OBJC_ISA_USAGE = YES_ERROR;
				CLANG_WARN_EMPTY_BODY = YES;
				CLANG_WARN_ENUM_CONVERSION = YES;
				CLANG_WARN_INT_CONVERSION = YES;
				CLANG_WARN_OBJC_ROOT_CLASS = YES_ERROR;
				CLANG_WARN_UNREACHABLE_CODE = YES;
				CLANG_WARN__DUPLICATE_METHOD_MATCH = YES;
				"CODE_SIGN_IDENTITY[sdk=iphoneos*]" = "iPhone Developer";
				COPY_PHASE_STRIP = NO;
				DEBUG_INFORMATION_FORMAT = dwarf;
				ENABLE_STRICT_OBJC_MSGSEND = YES;
				ENABLE_TESTABILITY = YES;
				GCC_C_LANGUAGE_STANDARD = gnu99;
				GCC_DYNAMIC_NO_PIC = NO;
				GCC_NO_COMMON_BLOCKS = YES;
				GCC_OPTIMIZATION_LEVEL = 0;
				GCC_PREPROCESSOR_DEFINITIONS = (
					"DEBUG=1",
					"$(inherited)",
				);
				GCC_WARN_64_TO_32_BIT_CONVERSION = YES;
				GCC_WARN_ABOUT_RETURN_TYPE = YES_ERROR;
				GCC_WARN_UNDECLARED_SELECTOR = YES;
				GCC_WARN_UNINITIALIZED_AUTOS = YES_AGGRESSIVE;
				GCC_WARN_UNUSED_FUNCTION = YES;
				GCC_WARN_UNUSED_VARIABLE = YES;
				IPHONEOS_DEPLOYMENT_TARGET = 9.0;
				MTL_ENABLE_DEBUG_INFO = YES;
				ONLY_ACTIVE_ARCH = YES;
				SDKROOT = iphoneos;
				SWIFT_OPTIMIZATION_LEVEL = "-Onone";
			};
			name = Debug;
		};
		BDEC02131BC4B553002731DE /* Release */ = {
			isa = XCBuildConfiguration;
			buildSettings = {
				ALWAYS_SEARCH_USER_PATHS = NO;
				CLANG_CXX_LANGUAGE_STANDARD = "gnu++0x";
				CLANG_CXX_LIBRARY = "libc++";
				CLANG_ENABLE_MODULES = YES;
				CLANG_ENABLE_OBJC_ARC = YES;
				CLANG_WARN_BOOL_CONVERSION = YES;
				CLANG_WARN_CONSTANT_CONVERSION = YES;
				CLANG_WARN_DIRECT_OBJC_ISA_USAGE = YES_ERROR;
				CLANG_WARN_EMPTY_BODY = YES;
				CLANG_WARN_ENUM_CONVERSION = YES;
				CLANG_WARN_INT_CONVERSION = YES;
				CLANG_WARN_OBJC_ROOT_CLASS = YES_ERROR;
				CLANG_WARN_UNREACHABLE_CODE = YES;
				CLANG_WARN__DUPLICATE_METHOD_MATCH = YES;
				"CODE_SIGN_IDENTITY[sdk=iphoneos*]" = "iPhone Developer";
				COPY_PHASE_STRIP = NO;
				DEBUG_INFORMATION_FORMAT = "dwarf-with-dsym";
				ENABLE_NS_ASSERTIONS = NO;
				ENABLE_STRICT_OBJC_MSGSEND = YES;
				GCC_C_LANGUAGE_STANDARD = gnu99;
				GCC_NO_COMMON_BLOCKS = YES;
				GCC_WARN_64_TO_32_BIT_CONVERSION = YES;
				GCC_WARN_ABOUT_RETURN_TYPE = YES_ERROR;
				GCC_WARN_UNDECLARED_SELECTOR = YES;
				GCC_WARN_UNINITIALIZED_AUTOS = YES_AGGRESSIVE;
				GCC_WARN_UNUSED_FUNCTION = YES;
				GCC_WARN_UNUSED_VARIABLE = YES;
				IPHONEOS_DEPLOYMENT_TARGET = 9.0;
				MTL_ENABLE_DEBUG_INFO = NO;
				SDKROOT = iphoneos;
				VALIDATE_PRODUCT = YES;
			};
			name = Release;
		};
		BDEC02151BC4B553002731DE /* Debug */ = {
			isa = XCBuildConfiguration;
			buildSettings = {
				ASSETCATALOG_COMPILER_APPICON_NAME = AppIcon;
				INFOPLIST_FILE = MemoDemo/Info.plist;
				LD_RUNPATH_SEARCH_PATHS = "$(inherited) @executable_path/Frameworks";
				PRODUCT_BUNDLE_IDENTIFIER = com.Teerawit.Swift.MemoDemo;
				PRODUCT_NAME = "$(TARGET_NAME)";
			};
			name = Debug;
		};
		BDEC02161BC4B553002731DE /* Release */ = {
			isa = XCBuildConfiguration;
			buildSettings = {
				ASSETCATALOG_COMPILER_APPICON_NAME = AppIcon;
				INFOPLIST_FILE = MemoDemo/Info.plist;
				LD_RUNPATH_SEARCH_PATHS = "$(inherited) @executable_path/Frameworks";
				PRODUCT_BUNDLE_IDENTIFIER = com.Teerawit.Swift.MemoDemo;
				PRODUCT_NAME = "$(TARGET_NAME)";
			};
			name = Release;
		};
/* End XCBuildConfiguration section */

/* Begin XCConfigurationList section */
		BDEC01FD1BC4B553002731DE /* Build configuration list for PBXProject "MemoDemo" */ = {
			isa = XCConfigurationList;
			buildConfigurations = (
				BDEC02121BC4B553002731DE /* Debug */,
				BDEC02131BC4B553002731DE /* Release */,
			);
			defaultConfigurationIsVisible = 0;
			defaultConfigurationName = Release;
		};
		BDEC02141BC4B553002731DE /* Build configuration list for PBXNativeTarget "MemoDemo" */ = {
			isa = XCConfigurationList;
			buildConfigurations = (
				BDEC02151BC4B553002731DE /* Debug */,
				BDEC02161BC4B553002731DE /* Release */,
			);
			defaultConfigurationIsVisible = 0;
		};
/* End XCConfigurationList section */
	};
	rootObject = BDEC01FA1BC4B553002731DE /* Project object */;
}
